// !$*UTF8*$!
{
	archiveVersion = 1;
	classes = {
	};
	objectVersion = 50;
	objects = {

/* Begin PBXBuildFile section */
		CB1835CE2108B8570087FABE /* AppDelegate.swift in Sources */ = {isa = PBXBuildFile; fileRef = CB1835CD2108B8570087FABE /* AppDelegate.swift */; };
		CB1835D02108B8570087FABE /* MasterViewController.swift in Sources */ = {isa = PBXBuildFile; fileRef = CB1835CF2108B8570087FABE /* MasterViewController.swift */; };
		CB1835D22108B8570087FABE /* DetailViewController.swift in Sources */ = {isa = PBXBuildFile; fileRef = CB1835D12108B8570087FABE /* DetailViewController.swift */; };
		CB1835D52108B8570087FABE /* Main.storyboard in Resources */ = {isa = PBXBuildFile; fileRef = CB1835D32108B8570087FABE /* Main.storyboard */; };
		CB1835D72108B8570087FABE /* Assets.xcassets in Resources */ = {isa = PBXBuildFile; fileRef = CB1835D62108B8570087FABE /* Assets.xcassets */; };
		CB1835DA2108B8570087FABE /* LaunchScreen.storyboard in Resources */ = {isa = PBXBuildFile; fileRef = CB1835D82108B8570087FABE /* LaunchScreen.storyboard */; };
		CB1835F02108CC1C0087FABE /* food1.JPG in Resources */ = {isa = PBXBuildFile; fileRef = CB1835EF2108CC1C0087FABE /* food1.JPG */; };
		CB1835F22108CC240087FABE /* food2.JPG in Resources */ = {isa = PBXBuildFile; fileRef = CB1835F12108CC240087FABE /* food2.JPG */; };
		CB1835F42108CC2B0087FABE /* food3.JPG in Resources */ = {isa = PBXBuildFile; fileRef = CB1835F32108CC2B0087FABE /* food3.JPG */; };
/* End PBXBuildFile section */

/* Begin PBXFileReference section */
		CB1835CA2108B8570087FABE /* photoCatalog.app */ = {isa = PBXFileReference; explicitFileType = wrapper.application; includeInIndex = 0; path = photoCatalog.app; sourceTree = BUILT_PRODUCTS_DIR; };
		CB1835CD2108B8570087FABE /* AppDelegate.swift */ = {isa = PBXFileReference; lastKnownFileType = sourcecode.swift; path = AppDelegate.swift; sourceTree = "<group>"; };
		CB1835CF2108B8570087FABE /* MasterViewController.swift */ = {isa = PBXFileReference; lastKnownFileType = sourcecode.swift; path = MasterViewController.swift; sourceTree = "<group>"; };
		CB1835D12108B8570087FABE /* DetailViewController.swift */ = {isa = PBXFileReference; lastKnownFileType = sourcecode.swift; path = DetailViewController.swift; sourceTree = "<group>"; };
		CB1835D42108B8570087FABE /* Base */ = {isa = PBXFileReference; lastKnownFileType = file.storyboard; name = Base; path = Base.lproj/Main.storyboard; sourceTree = "<group>"; };
		CB1835D62108B8570087FABE /* Assets.xcassets */ = {isa = PBXFileReference; lastKnownFileType = folder.assetcatalog; path = Assets.xcassets; sourceTree = "<group>"; };
		CB1835D92108B8570087FABE /* Base */ = {isa = PBXFileReference; lastKnownFileType = file.storyboard; name = Base; path = Base.lproj/LaunchScreen.storyboard; sourceTree = "<group>"; };
		CB1835DB2108B8570087FABE /* Info.plist */ = {isa = PBXFileReference; lastKnownFileType = text.plist.xml; path = Info.plist; sourceTree = "<group>"; };
		CB1835EF2108CC1C0087FABE /* food1.JPG */ = {isa = PBXFileReference; lastKnownFileType = image.jpeg; path = food1.JPG; sourceTree = "<group>"; };
		CB1835F12108CC240087FABE /* food2.JPG */ = {isa = PBXFileReference; lastKnownFileType = image.jpeg; path = food2.JPG; sourceTree = "<group>"; };
		CB1835F32108CC2B0087FABE /* food3.JPG */ = {isa = PBXFileReference; lastKnownFileType = image.jpeg; path = food3.JPG; sourceTree = "<group>"; };
/* End PBXFileReference section */

/* Begin PBXFrameworksBuildPhase section */
		CB1835C72108B8570087FABE /* Frameworks */ = {
			isa = PBXFrameworksBuildPhase;
			buildActionMask = 2147483647;
			files = (
			);
			runOnlyForDeploymentPostprocessing = 0;
		};
/* End PBXFrameworksBuildPhase section */

/* Begin PBXGroup section */
		CB1835C12108B8570087FABE = {
			isa = PBXGroup;
			children = (
				CB1835CC2108B8570087FABE /* photoCatalog */,
				CB1835CB2108B8570087FABE /* Products */,
			);
			sourceTree = "<group>";
		};
		CB1835CB2108B8570087FABE /* Products */ = {
			isa = PBXGroup;
			children = (
				CB1835CA2108B8570087FABE /* photoCatalog.app */,
			);
			name = Products;
			sourceTree = "<group>";
		};
		CB1835CC2108B8570087FABE /* photoCatalog */ = {
			isa = PBXGroup;
			children = (
				CB1835CD2108B8570087FABE /* AppDelegate.swift */,
				CB1835CF2108B8570087FABE /* MasterViewController.swift */,
				CB1835D12108B8570087FABE /* DetailViewController.swift */,
				CB1835D32108B8570087FABE /* Main.storyboard */,
				CB1835D62108B8570087FABE /* Assets.xcassets */,
				CB1835EF2108CC1C0087FABE /* food1.JPG */,
				CB1835F12108CC240087FABE /* food2.JPG */,
				CB1835F32108CC2B0087FABE /* food3.JPG */,
				CB1835D82108B8570087FABE /* LaunchScreen.storyboard */,
				CB1835DB2108B8570087FABE /* Info.plist */,
			);
			path = photoCatalog;
			sourceTree = "<group>";
		};
/* End PBXGroup section */

/* Begin PBXNativeTarget section */
		CB1835C92108B8570087FABE /* photoCatalog */ = {
			isa = PBXNativeTarget;
			buildConfigurationList = CB1835DE2108B8570087FABE /* Build configuration list for PBXNativeTarget "photoCatalog" */;
			buildPhases = (
				CB1835C62108B8570087FABE /* Sources */,
				CB1835C72108B8570087FABE /* Frameworks */,
				CB1835C82108B8570087FABE /* Resources */,
			);
			buildRules = (
			);
			dependencies = (
			);
			name = photoCatalog;
			productName = photoCatalog;
			productReference = CB1835CA2108B8570087FABE /* photoCatalog.app */;
			productType = "com.apple.product-type.application";
		};
/* End PBXNativeTarget section */

/* Begin PBXProject section */
		CB1835C22108B8570087FABE /* Project object */ = {
			isa = PBXProject;
			attributes = {
				LastSwiftUpdateCheck = 0940;
				LastUpgradeCheck = 0940;
				ORGANIZATIONNAME = manhattan.code;
				TargetAttributes = {
					CB1835C92108B8570087FABE = {
						CreatedOnToolsVersion = 9.4;
					};
				};
			};
			buildConfigurationList = CB1835C52108B8570087FABE /* Build configuration list for PBXProject "photoCatalog" */;
			compatibilityVersion = "Xcode 9.3";
			developmentRegion = en;
			hasScannedForEncodings = 0;
			knownRegions = (
				en,
				Base,
			);
			mainGroup = CB1835C12108B8570087FABE;
			productRefGroup = CB1835CB2108B8570087FABE /* Products */;
			projectDirPath = "";
			projectRoot = "";
			targets = (
				CB1835C92108B8570087FABE /* photoCatalog */,
			);
		};
/* End PBXProject section */

/* Begin PBXResourcesBuildPhase section */
		CB1835C82108B8570087FABE /* Resources */ = {
			isa = PBXResourcesBuildPhase;
			buildActionMask = 2147483647;
			files = (
				CB1835DA2108B8570087FABE /* LaunchScreen.storyboard in Resources */,
				CB1835F02108CC1C0087FABE /* food1.JPG in Resources */,
				CB1835D72108B8570087FABE /* Assets.xcassets in Resources */,
				CB1835F42108CC2B0087FABE /* food3.JPG in Resources */,
				CB1835D52108B8570087FABE /* Main.storyboard in Resources */,
				CB1835F22108CC240087FABE /* food2.JPG in Resources */,
			);
			runOnlyForDeploymentPostprocessing = 0;
		};
/* End PBXResourcesBuildPhase section */

/* Begin PBXSourcesBuildPhase section */
		CB1835C62108B8570087FABE /* Sources */ = {
			isa = PBXSourcesBuildPhase;
			buildActionMask = 2147483647;
			files = (
				CB1835D22108B8570087FABE /* DetailViewController.swift in Sources */,
				CB1835D02108B8570087FABE /* MasterViewController.swift in Sources */,
				CB1835CE2108B8570087FABE /* AppDelegate.swift in Sources */,
			);
			runOnlyForDeploymentPostprocessing = 0;
		};
/* End PBXSourcesBuildPhase section */

/* Begin PBXVariantGroup section */
		CB1835D32108B8570087FABE /* Main.storyboard */ = {
			isa = PBXVariantGroup;
			children = (
				CB1835D42108B8570087FABE /* Base */,
			);
			name = Main.storyboard;
			sourceTree = "<group>";
		};
		CB1835D82108B8570087FABE /* LaunchScreen.storyboard */ = {
			isa = PBXVariantGroup;
			children = (
				CB1835D92108B8570087FABE /* Base */,
			);
			name = LaunchScreen.storyboard;
			sourceTree = "<group>";
		};
/* End PBXVariantGroup section */

/* Begin XCBuildConfiguration section */
		CB1835DC2108B8570087FABE /* Debug */ = {
			isa = XCBuildConfiguration;
			buildSettings = {
				ALWAYS_SEARCH_USER_PATHS = NO;
				CLANG_ANALYZER_NONNULL = YES;
				CLANG_ANALYZER_NUMBER_OBJECT_CONVERSION = YES_AGGRESSIVE;
				CLANG_CXX_LANGUAGE_STANDARD = "gnu++14";
				CLANG_CXX_LIBRARY = "libc++";
				CLANG_ENABLE_MODULES = YES;
				CLANG_ENABLE_OBJC_ARC = YES;
				CLANG_ENABLE_OBJC_WEAK = YES;
				CLANG_WARN_BLOCK_CAPTURE_AUTORELEASING = YES;
				CLANG_WARN_BOOL_CONVERSION = YES;
				CLANG_WARN_COMMA = YES;
				CLANG_WARN_CONSTANT_CONVERSION = YES;
				CLANG_WARN_DEPRECATED_OBJC_IMPLEMENTATIONS = YES;
				CLANG_WARN_DIRECT_OBJC_ISA_USAGE = YES_ERROR;
				CLANG_WARN_DOCUMENTATION_COMMENTS = YES;
				CLANG_WARN_EMPTY_BODY = YES;
				CLANG_WARN_ENUM_CONVERSION = YES;
				CLANG_WARN_INFINITE_RECURSION = YES;
				CLANG_WARN_INT_CONVERSION = YES;
				CLANG_WARN_NON_LITERAL_NULL_CONVERSION = YES;
				CLANG_WARN_OBJC_IMPLICIT_RETAIN_SELF = YES;
				CLANG_WARN_OBJC_LITERAL_CONVERSION = YES;
				CLANG_WARN_OBJC_ROOT_CLASS = YES_ERROR;
				CLANG_WARN_RANGE_LOOP_ANALYSIS = YES;
				CLANG_WARN_STRICT_PROTOTYPES = YES;
				CLANG_WARN_SUSPICIOUS_MOVE = YES;
				CLANG_WARN_UNGUARDED_AVAILABILITY = YES_AGGRESSIVE;
				CLANG_WARN_UNREACHABLE_CODE = YES;
				CLANG_WARN__DUPLICATE_METHOD_MATCH = YES;
				CODE_SIGN_IDENTITY = "iPhone Developer";
				COPY_PHASE_STRIP = NO;
				DEBUG_INFORMATION_FORMAT = dwarf;
				ENABLE_STRICT_OBJC_MSGSEND = YES;
				ENABLE_TESTABILITY = YES;
				GCC_C_LANGUAGE_STANDARD = gnu11;
				GCC_DYNAMIC_NO_PIC = NO;
				GCC_NO_COMMON_BLOCKS = YES;
				GCC_OPTIMIZATION_LEVEL = 0;
				GCC_PREPROCESSOR_DEFINITIONS = (
					"DEBUG=1",
					"$(inherited)",
				);
				GCC_WARN_64_TO_32_BIT_CONVERSION = YES;
				GCC_WARN_ABOUT_RETURN_TYPE = YES_ERROR;
				GCC_WARN_UNDECLARED_SELECTOR = YES;
				GCC_WARN_UNINITIALIZED_AUTOS = YES_AGGRESSIVE;
				GCC_WARN_UNUSED_FUNCTION = YES;
				GCC_WARN_UNUSED_VARIABLE = YES;
				IPHONEOS_DEPLOYMENT_TARGET = 11.4;
				MTL_ENABLE_DEBUG_INFO = YES;
				ONLY_ACTIVE_ARCH = YES;
				SDKROOT = iphoneos;
				SWIFT_ACTIVE_COMPILATION_CONDITIONS = DEBUG;
				SWIFT_OPTIMIZATION_LEVEL = "-Onone";
			};
			name = Debug;
		};
		CB1835DD2108B8570087FABE /* Release */ = {
			isa = XCBuildConfiguration;
			buildSettings = {
				ALWAYS_SEARCH_USER_PATHS = NO;
				CLANG_ANALYZER_NONNULL = YES;
				CLANG_ANALYZER_NUMBER_OBJECT_CONVERSION = YES_AGGRESSIVE;
				CLANG_CXX_LANGUAGE_STANDARD = "gnu++14";
				CLANG_CXX_LIBRARY = "libc++";
				CLANG_ENABLE_MODULES = YES;
				CLANG_ENABLE_OBJC_ARC = YES;
				CLANG_ENABLE_OBJC_WEAK = YES;
				CLANG_WARN_BLOCK_CAPTURE_AUTORELEASING = YES;
				CLANG_WARN_BOOL_CONVERSION = YES;
				CLANG_WARN_COMMA = YES;
				CLANG_WARN_CONSTANT_CONVERSION = YES;
				CLANG_WARN_DEPRECATED_OBJC_IMPLEMENTATIONS = YES;
				CLANG_WARN_DIRECT_OBJC_ISA_USAGE = YES_ERROR;
				CLANG_WARN_DOCUMENTATION_COMMENTS = YES;
				CLANG_WARN_EMPTY_BODY = YES;
				CLANG_WARN_ENUM_CONVERSION = YES;
				CLANG_WARN_INFINITE_RECURSION = YES;
				CLANG_WARN_INT_CONVERSION = YES;
				CLANG_WARN_NON_LITERAL_NULL_CONVERSION = YES;
				CLANG_WARN_OBJC_IMPLICIT_RETAIN_SELF = YES;
				CLANG_WARN_OBJC_LITERAL_CONVERSION = YES;
				CLANG_WARN_OBJC_ROOT_CLASS = YES_ERROR;
				CLANG_WARN_RANGE_LOOP_ANALYSIS = YES;
				CLANG_WARN_STRICT_PROTOTYPES = YES;
				CLANG_WARN_SUSPICIOUS_MOVE = YES;
				CLANG_WARN_UNGUARDED_AVAILABILITY = YES_AGGRESSIVE;
				CLANG_WARN_UNREACHABLE_CODE = YES;
				CLANG_WARN__DUPLICATE_METHOD_MATCH = YES;
				CODE_SIGN_IDENTITY = "iPhone Developer";
				COPY_PHASE_STRIP = NO;
				DEBUG_INFORMATION_FORMAT = "dwarf-with-dsym";
				ENABLE_NS_ASSERTIONS = NO;
				ENABLE_STRICT_OBJC_MSGSEND = YES;
				GCC_C_LANGUAGE_STANDARD = gnu11;
				GCC_NO_COMMON_BLOCKS = YES;
				GCC_WARN_64_TO_32_BIT_CONVERSION = YES;
				GCC_WARN_ABOUT_RETURN_TYPE = YES_ERROR;
				GCC_WARN_UNDECLARED_SELECTOR = YES;
				GCC_WARN_UNINITIALIZED_AUTOS = YES_AGGRESSIVE;
				GCC_WARN_UNUSED_FUNCTION = YES;
				GCC_WARN_UNUSED_VARIABLE = YES;
				IPHONEOS_DEPLOYMENT_TARGET = 11.4;
				MTL_ENABLE_DEBUG_INFO = NO;
				SDKROOT = iphoneos;
				SWIFT_COMPILATION_MODE = wholemodule;
				SWIFT_OPTIMIZATION_LEVEL = "-O";
				VALIDATE_PRODUCT = YES;
			};
			name = Release;
		};
		CB1835DF2108B8570087FABE /* Debug */ = {
			isa = XCBuildConfiguration;
			buildSettings = {
				ASSETCATALOG_COMPILER_APPICON_NAME = AppIcon;
				CODE_SIGN_STYLE = Automatic;
				DEVELOPMENT_TEAM = P4A6ZQHX6B;
				INFOPLIST_FILE = photoCatalog/Info.plist;
				LD_RUNPATH_SEARCH_PATHS = (
					"$(inherited)",
					"@executable_path/Frameworks",
				);
				PRODUCT_BUNDLE_IDENTIFIER = manhattan.code.photoCatalog;
				PRODUCT_NAME = "$(TARGET_NAME)";
				SWIFT_VERSION = 4.0;
				TARGETED_DEVICE_FAMILY = "1,2";
			};
			name = Debug;
		};
		CB1835E02108B8570087FABE /* Release */ = {
			isa = XCBuildConfiguration;
			buildSettings = {
				ASSETCATALOG_COMPILER_APPICON_NAME = AppIcon;
				CODE_SIGN_STYLE = Automatic;
				DEVELOPMENT_TEAM = P4A6ZQHX6B;
				INFOPLIST_FILE = photoCatalog/Info.plist;
				LD_RUNPATH_SEARCH_PATHS = (
					"$(inherited)",
					"@executable_path/Frameworks",
				);
				PRODUCT_BUNDLE_IDENTIFIER = manhattan.code.photoCatalog;
				PRODUCT_NAME = "$(TARGET_NAME)";
				SWIFT_VERSION = 4.0;
				TARGETED_DEVICE_FAMILY = "1,2";
			};
			name = Release;
		};
/* End XCBuildConfiguration section */

/* Begin XCConfigurationList section */
		CB1835C52108B8570087FABE /* Build configuration list for PBXProject "photoCatalog" */ = {
			isa = XCConfigurationList;
			buildConfigurations = (
				CB1835DC2108B8570087FABE /* Debug */,
				CB1835DD2108B8570087FABE /* Release */,
			);
			defaultConfigurationIsVisible = 0;
			defaultConfigurationName = Release;
		};
		CB1835DE2108B8570087FABE /* Build configuration list for PBXNativeTarget "photoCatalog" */ = {
			isa = XCConfigurationList;
			buildConfigurations = (
				CB1835DF2108B8570087FABE /* Debug */,
				CB1835E02108B8570087FABE /* Release */,
			);
			defaultConfigurationIsVisible = 0;
			defaultConfigurationName = Release;
		};
/* End XCConfigurationList section */
	};
	rootObject = CB1835C22108B8570087FABE /* Project object */;
}
